
Microsoft Visual Studio Solution File, Format Version 12.00
# Visual Studio Version 17
VisualStudioVersion = 17.9.34728.123
MinimumVisualStudioVersion = 10.0.40219.1
Project("{FAE04EC0-301F-11D3-BF4B-00C04F79EFBC}") = "Q1", "Q1\Q1.csproj", "{8AAA5FB2-E330-4EC6-BF5E-51A6ACDEE811}"
EndProject
Global
	GlobalSection(SolutionConfigurationPlatforms) = preSolution
		Debug|Any CPU = Debug|Any CPU
		Release|Any CPU = Release|Any CPU
	EndGlobalSection
	GlobalSection(ProjectConfigurationPlatforms) = postSolution
		{8AAA5FB2-E330-4EC6-BF5E-51A6ACDEE811}.Debug|Any CPU.ActiveCfg = Debug|Any CPU
		{8AAA5FB2-E330-4EC6-BF5E-51A6ACDEE811}.Debug|Any CPU.Build.0 = Debug|Any CPU
		{8AAA5FB2-E330-4EC6-BF5E-51A6ACDEE811}.Release|Any CPU.ActiveCfg = Release|Any CPU
		{8AAA5FB2-E330-4EC6-BF5E-51A6ACDEE811}.Release|Any CPU.Build.0 = Release|Any CPU
	EndGlobalSection
	GlobalSection(SolutionProperties) = preSolution
		HideSolutionNode = FALSE
	EndGlobalSection
	GlobalSection(ExtensibilityGlobals) = postSolution
		SolutionGuid = {B3803F27-3668-4BF2-BEBE-6285B3675B10}
	EndGlobalSection
EndGlobal
